
Microsoft Visual Studio Solution File, Format Version 12.00
# Visual Studio Version 17
VisualStudioVersion = 17.14.36908.2 d17.14
MinimumVisualStudioVersion = 10.0.40219.1
Project("{FAE04EC0-301F-11D3-BF4B-00C04F79EFBC}") = "StartupDungeonCrawler", "StartupDungeonCrawler\StartupDungeonCrawler.csproj", "{208E9D89-99AB-478F-8EDE-8F4D3AA03855}"
EndProject
Global
	GlobalSection(SolutionConfigurationPlatforms) = preSolution
		Debug|Any CPU = Debug|Any CPU
		Release|Any CPU = Release|Any CPU
	EndGlobalSection
	GlobalSection(ProjectConfigurationPlatforms) = postSolution
		{208E9D89-99AB-478F-8EDE-8F4D3AA03855}.Debug|Any CPU.ActiveCfg = Debug|Any CPU
		{208E9D89-99AB-478F-8EDE-8F4D3AA03855}.Debug|Any CPU.Build.0 = Debug|Any CPU
		{208E9D89-99AB-478F-8EDE-8F4D3AA03855}.Release|Any CPU.ActiveCfg = Release|Any CPU
		{208E9D89-99AB-478F-8EDE-8F4D3AA03855}.Release|Any CPU.Build.0 = Release|Any CPU
	EndGlobalSection
	GlobalSection(SolutionProperties) = preSolution
		HideSolutionNode = FALSE
	EndGlobalSection
	GlobalSection(ExtensibilityGlobals) = postSolution
		SolutionGuid = {36ED05B3-7E06-4E62-AF3C-84FDE5064AEB}
	EndGlobalSection
EndGlobal
