
Microsoft Visual Studio Solution File, Format Version 12.00
# Visual Studio Version 17
VisualStudioVersion = 17.14.36908.2 d17.14
MinimumVisualStudioVersion = 10.0.40219.1
Project("{FAE04EC0-301F-11D3-BF4B-00C04F79EFBC}") = "Week5", "Week5\Week5.csproj", "{503F8518-CDAA-4FFD-835B-445D851A89F0}"
EndProject
Global
	GlobalSection(SolutionConfigurationPlatforms) = preSolution
		Debug|Any CPU = Debug|Any CPU
		Release|Any CPU = Release|Any CPU
	EndGlobalSection
	GlobalSection(ProjectConfigurationPlatforms) = postSolution
		{503F8518-CDAA-4FFD-835B-445D851A89F0}.Debug|Any CPU.ActiveCfg = Debug|Any CPU
		{503F8518-CDAA-4FFD-835B-445D851A89F0}.Debug|Any CPU.Build.0 = Debug|Any CPU
		{503F8518-CDAA-4FFD-835B-445D851A89F0}.Release|Any CPU.ActiveCfg = Release|Any CPU
		{503F8518-CDAA-4FFD-835B-445D851A89F0}.Release|Any CPU.Build.0 = Release|Any CPU
	EndGlobalSection
	GlobalSection(SolutionProperties) = preSolution
		HideSolutionNode = FALSE
	EndGlobalSection
	GlobalSection(ExtensibilityGlobals) = postSolution
		SolutionGuid = {AE9981D4-1BDD-4B9F-8E56-BAC69B58ED3C}
	EndGlobalSection
EndGlobal
